
Microsoft Visual Studio Solution File, Format Version 12.00
# Visual Studio 15
VisualStudioVersion = 15.0.26730.12
MinimumVisualStudioVersion = 10.0.40219.1
Project("{FAE04EC0-301F-11D3-BF4B-00C04F79EFBC}") = "XF.Hello.Android", "XF.Hello\XF.Hello.Android\XF.Hello.Android.csproj", "{708F9FB2-EF81-457F-BF3C-A568BBE4D846}"
EndProject
Project("{FAE04EC0-301F-11D3-BF4B-00C04F79EFBC}") = "XF.Hello", "XF.Hello\XF.Hello\XF.Hello.csproj", "{C2EC467E-83A4-4C8E-961C-AD4B63548947}"
EndProject
Project("{FAE04EC0-301F-11D3-BF4B-00C04F79EFBC}") = "XF.Hello.UWP", "XF.Hello\XF.Hello.UWP\XF.Hello.UWP.csproj", "{7939A932-3EA8-4FEF-AD17-7DC2BD366142}"
EndProject
Project("{FAE04EC0-301F-11D3-BF4B-00C04F79EFBC}") = "XF.Hello.iOS", "XF.Hello\XF.Hello.iOS\XF.Hello.iOS.csproj", "{236CCE46-A6F7-4716-A533-EC0B0AB5B8D9}"
EndProject
Global
	GlobalSection(SolutionConfigurationPlatforms) = preSolution
		Ad-Hoc|Any CPU = Ad-Hoc|Any CPU
		Ad-Hoc|ARM = Ad-Hoc|ARM
		Ad-Hoc|iPhone = Ad-Hoc|iPhone
		Ad-Hoc|iPhoneSimulator = Ad-Hoc|iPhoneSimulator
		Ad-Hoc|x64 = Ad-Hoc|x64
		Ad-Hoc|x86 = Ad-Hoc|x86
		AppStore|Any CPU = AppStore|Any CPU
		AppStore|ARM = AppStore|ARM
		AppStore|iPhone = AppStore|iPhone
		AppStore|iPhoneSimulator = AppStore|iPhoneSimulator
		AppStore|x64 = AppStore|x64
		AppStore|x86 = AppStore|x86
		Debug|Any CPU = Debug|Any CPU
		Debug|ARM = Debug|ARM
		Debug|iPhone = Debug|iPhone
		Debug|iPhoneSimulator = Debug|iPhoneSimulator
		Debug|x64 = Debug|x64
		Debug|x86 = Debug|x86
		Release|Any CPU = Release|Any CPU
		Release|ARM = Release|ARM
		Release|iPhone = Release|iPhone
		Release|iPhoneSimulator = Release|iPhoneSimulator
		Release|x64 = Release|x64
		Release|x86 = Release|x86
	EndGlobalSection
	GlobalSection(ProjectConfigurationPlatforms) = postSolution
		{708F9FB2-EF81-457F-BF3C-A568BBE4D846}.Ad-Hoc|Any CPU.ActiveCfg = Release|Any CPU
		{708F9FB2-EF81-457F-BF3C-A568BBE4D846}.Ad-Hoc|Any CPU.Build.0 = Release|Any CPU
		{708F9FB2-EF81-457F-BF3C-A568BBE4D846}.Ad-Hoc|Any CPU.Deploy.0 = Release|Any CPU
		{708F9FB2-EF81-457F-BF3C-A568BBE4D846}.Ad-Hoc|ARM.ActiveCfg = Release|Any CPU
		{708F9FB2-EF81-457F-BF3C-A568BBE4D846}.Ad-Hoc|ARM.Build.0 = Release|Any CPU
		{708F9FB2-EF81-457F-BF3C-A568BBE4D846}.Ad-Hoc|ARM.Deploy.0 = Release|Any CPU
		{708F9FB2-EF81-457F-BF3C-A568BBE4D846}.Ad-Hoc|iPhone.ActiveCfg = Release|Any CPU
		{708F9FB2-EF81-457F-BF3C-A568BBE4D846}.Ad-Hoc|iPhone.Build.0 = Release|Any CPU
		{708F9FB2-EF81-457F-BF3C-A568BBE4D846}.Ad-Hoc|iPhone.Deploy.0 = Release|Any CPU
		{708F9FB2-EF81-457F-BF3C-A568BBE4D846}.Ad-Hoc|iPhoneSimulator.ActiveCfg = Release|Any CPU
		{708F9FB2-EF81-457F-BF3C-A568BBE4D846}.Ad-Hoc|iPhoneSimulator.Build.0 = Release|Any CPU
		{708F9FB2-EF81-457F-BF3C-A568BBE4D846}.Ad-Hoc|iPhoneSimulator.Deploy.0 = Release|Any CPU
		{708F9FB2-EF81-457F-BF3C-A568BBE4D846}.Ad-Hoc|x64.ActiveCfg = Release|Any CPU
		{708F9FB2-EF81-457F-BF3C-A568BBE4D846}.Ad-Hoc|x64.Build.0 = Release|Any CPU
		{708F9FB2-EF81-457F-BF3C-A568BBE4D846}.Ad-Hoc|x64.Deploy.0 = Release|Any CPU
		{708F9FB2-EF81-457F-BF3C-A568BBE4D846}.Ad-Hoc|x86.ActiveCfg = Release|Any CPU
		{708F9FB2-EF81-457F-BF3C-A568BBE4D846}.Ad-Hoc|x86.Build.0 = Release|Any CPU
		{708F9FB2-EF81-457F-BF3C-A568BBE4D846}.Ad-Hoc|x86.Deploy.0 = Release|Any CPU
		{708F9FB2-EF81-457F-BF3C-A568BBE4D846}.AppStore|Any CPU.ActiveCfg = Release|Any CPU
		{708F9FB2-EF81-457F-BF3C-A568BBE4D846}.AppStore|Any CPU.Build.0 = Release|Any CPU
		{708F9FB2-EF81-457F-BF3C-A568BBE4D846}.AppStore|Any CPU.Deploy.0 = Release|Any CPU
		{708F9FB2-EF81-457F-BF3C-A568BBE4D846}.AppStore|ARM.ActiveCfg = Release|Any CPU
		{708F9FB2-EF81-457F-BF3C-A568BBE4D846}.AppStore|ARM.Build.0 = Release|Any CPU
		{708F9FB2-EF81-457F-BF3C-A568BBE4D846}.AppStore|ARM.Deploy.0 = Release|Any CPU
		{708F9FB2-EF81-457F-BF3C-A568BBE4D846}.AppStore|iPhone.ActiveCfg = Release|Any CPU
		{708F9FB2-EF81-457F-BF3C-A568BBE4D846}.AppStore|iPhone.Build.0 = Release|Any CPU
		{708F9FB2-EF81-457F-BF3C-A568BBE4D846}.AppStore|iPhone.Deploy.0 = Release|Any CPU
		{708F9FB2-EF81-457F-BF3C-A568BBE4D846}.AppStore|iPhoneSimulator.ActiveCfg = Release|Any CPU
		{708F9FB2-EF81-457F-BF3C-A568BBE4D846}.AppStore|iPhoneSimulator.Build.0 = Release|Any CPU
		{708F9FB2-EF81-457F-BF3C-A568BBE4D846}.AppStore|iPhoneSimulator.Deploy.0 = Release|Any CPU
		{708F9FB2-EF81-457F-BF3C-A568BBE4D846}.AppStore|x64.ActiveCfg = Release|Any CPU
		{708F9FB2-EF81-457F-BF3C-A568BBE4D846}.AppStore|x64.Build.0 = Release|Any CPU
		{708F9FB2-EF81-457F-BF3C-A568BBE4D846}.AppStore|x64.Deploy.0 = Release|Any CPU
		{708F9FB2-EF81-457F-BF3C-A568BBE4D846}.AppStore|x86.ActiveCfg = Release|Any CPU
		{708F9FB2-EF81-457F-BF3C-A568BBE4D846}.AppStore|x86.Build.0 = Release|Any CPU
		{708F9FB2-EF81-457F-BF3C-A568BBE4D846}.AppStore|x86.Deploy.0 = Release|Any CPU
		{708F9FB2-EF81-457F-BF3C-A568BBE4D846}.Debug|Any CPU.ActiveCfg = Debug|Any CPU
		{708F9FB2-EF81-457F-BF3C-A568BBE4D846}.Debug|Any CPU.Build.0 = Debug|Any CPU
		{708F9FB2-EF81-457F-BF3C-A568BBE4D846}.Debug|Any CPU.Deploy.0 = Debug|Any CPU
		{708F9FB2-EF81-457F-BF3C-A568BBE4D846}.Debug|ARM.ActiveCfg = Debug|Any CPU
		{708F9FB2-EF81-457F-BF3C-A568BBE4D846}.Debug|ARM.Build.0 = Debug|Any CPU
		{708F9FB2-EF81-457F-BF3C-A568BBE4D846}.Debug|ARM.Deploy.0 = Debug|Any CPU
		{708F9FB2-EF81-457F-BF3C-A568BBE4D846}.Debug|iPhone.ActiveCfg = Debug|Any CPU
		{708F9FB2-EF81-457F-BF3C-A568BBE4D846}.Debug|iPhone.Build.0 = Debug|Any CPU
		{708F9FB2-EF81-457F-BF3C-A568BBE4D846}.Debug|iPhone.Deploy.0 = Debug|Any CPU
		{708F9FB2-EF81-457F-BF3C-A568BBE4D846}.Debug|iPhoneSimulator.ActiveCfg = Debug|Any CPU
		{708F9FB2-EF81-457F-BF3C-A568BBE4D846}.Debug|iPhoneSimulator.Build.0 = Debug|Any CPU
		{708F9FB2-EF81-457F-BF3C-A568BBE4D846}.Debug|iPhoneSimulator.Deploy.0 = Debug|Any CPU
		{708F9FB2-EF81-457F-BF3C-A568BBE4D846}.Debug|x64.ActiveCfg = Debug|Any CPU
		{708F9FB2-EF81-457F-BF3C-A568BBE4D846}.Debug|x64.Build.0 = Debug|Any CPU
		{708F9FB2-EF81-457F-BF3C-A568BBE4D846}.Debug|x64.Deploy.0 = Debug|Any CPU
		{708F9FB2-EF81-457F-BF3C-A568BBE4D846}.Debug|x86.ActiveCfg = Debug|Any CPU
		{708F9FB2-EF81-457F-BF3C-A568BBE4D846}.Debug|x86.Build.0 = Debug|Any CPU
		{708F9FB2-EF81-457F-BF3C-A568BBE4D846}.Debug|x86.Deploy.0 = Debug|Any CPU
		{708F9FB2-EF81-457F-BF3C-A568BBE4D846}.Release|Any CPU.ActiveCfg = Release|Any CPU
		{708F9FB2-EF81-457F-BF3C-A568BBE4D846}.Release|Any CPU.Build.0 = Release|Any CPU
		{708F9FB2-EF81-457F-BF3C-A568BBE4D846}.Release|Any CPU.Deploy.0 = Release|Any CPU
		{708F9FB2-EF81-457F-BF3C-A568BBE4D846}.Release|ARM.ActiveCfg = Release|Any CPU
		{708F9FB2-EF81-457F-BF3C-A568BBE4D846}.Release|ARM.Build.0 = Release|Any CPU
		{708F9FB2-EF81-457F-BF3C-A568BBE4D846}.Release|ARM.Deploy.0 = Release|Any CPU
		{708F9FB2-EF81-457F-BF3C-A568BBE4D846}.Release|iPhone.ActiveCfg = Release|Any CPU
		{708F9FB2-EF81-457F-BF3C-A568BBE4D846}.Release|iPhone.Build.0 = Release|Any CPU
		{708F9FB2-EF81-457F-BF3C-A568BBE4D846}.Release|iPhone.Deploy.0 = Release|Any CPU
		{708F9FB2-EF81-457F-BF3C-A568BBE4D846}.Release|iPhoneSimulator.ActiveCfg = Release|Any CPU
		{708F9FB2-EF81-457F-BF3C-A568BBE4D846}.Release|iPhoneSimulator.Build.0 = Release|Any CPU
		{708F9FB2-EF81-457F-BF3C-A568BBE4D846}.Release|iPhoneSimulator.Deploy.0 = Release|Any CPU
		{708F9FB2-EF81-457F-BF3C-A568BBE4D846}.Release|x64.ActiveCfg = Release|Any CPU
		{708F9FB2-EF81-457F-BF3C-A568BBE4D846}.Release|x64.Build.0 = Release|Any CPU
		{708F9FB2-EF81-457F-BF3C-A568BBE4D846}.Release|x64.Deploy.0 = Release|Any CPU
		{708F9FB2-EF81-457F-BF3C-A568BBE4D846}.Release|x86.ActiveCfg = Release|Any CPU
		{708F9FB2-EF81-457F-BF3C-A568BBE4D846}.Release|x86.Build.0 = Release|Any CPU
		{708F9FB2-EF81-457F-BF3C-A568BBE4D846}.Release|x86.Deploy.0 = Release|Any CPU
		{C2EC467E-83A4-4C8E-961C-AD4B63548947}.Ad-Hoc|Any CPU.ActiveCfg = Release|Any CPU
		{C2EC467E-83A4-4C8E-961C-AD4B63548947}.Ad-Hoc|Any CPU.Build.0 = Release|Any CPU
		{C2EC467E-83A4-4C8E-961C-AD4B63548947}.Ad-Hoc|ARM.ActiveCfg = Release|Any CPU
		{C2EC467E-83A4-4C8E-961C-AD4B63548947}.Ad-Hoc|ARM.Build.0 = Release|Any CPU
		{C2EC467E-83A4-4C8E-961C-AD4B63548947}.Ad-Hoc|iPhone.ActiveCfg = Release|Any CPU
		{C2EC467E-83A4-4C8E-961C-AD4B63548947}.Ad-Hoc|iPhone.Build.0 = Release|Any CPU
		{C2EC467E-83A4-4C8E-961C-AD4B63548947}.Ad-Hoc|iPhoneSimulator.ActiveCfg = Release|Any CPU
		{C2EC467E-83A4-4C8E-961C-AD4B63548947}.Ad-Hoc|iPhoneSimulator.Build.0 = Release|Any CPU
		{C2EC467E-83A4-4C8E-961C-AD4B63548947}.Ad-Hoc|x64.ActiveCfg = Release|Any CPU
		{C2EC467E-83A4-4C8E-961C-AD4B63548947}.Ad-Hoc|x64.Build.0 = Release|Any CPU
		{C2EC467E-83A4-4C8E-961C-AD4B63548947}.Ad-Hoc|x86.ActiveCfg = Release|Any CPU
		{C2EC467E-83A4-4C8E-961C-AD4B63548947}.Ad-Hoc|x86.Build.0 = Release|Any CPU
		{C2EC467E-83A4-4C8E-961C-AD4B63548947}.AppStore|Any CPU.ActiveCfg = Release|Any CPU
		{C2EC467E-83A4-4C8E-961C-AD4B63548947}.AppStore|Any CPU.Build.0 = Release|Any CPU
		{C2EC467E-83A4-4C8E-961C-AD4B63548947}.AppStore|ARM.ActiveCfg = Release|Any CPU
		{C2EC467E-83A4-4C8E-961C-AD4B63548947}.AppStore|ARM.Build.0 = Release|Any CPU
		{C2EC467E-83A4-4C8E-961C-AD4B63548947}.AppStore|iPhone.ActiveCfg = Release|Any CPU
		{C2EC467E-83A4-4C8E-961C-AD4B63548947}.AppStore|iPhone.Build.0 = Release|Any CPU
		{C2EC467E-83A4-4C8E-961C-AD4B63548947}.AppStore|iPhoneSimulator.ActiveCfg = Release|Any CPU
		{C2EC467E-83A4-4C8E-961C-AD4B63548947}.AppStore|iPhoneSimulator.Build.0 = Release|Any CPU
		{C2EC467E-83A4-4C8E-961C-AD4B63548947}.AppStore|x64.ActiveCfg = Release|Any CPU
		{C2EC467E-83A4-4C8E-961C-AD4B63548947}.AppStore|x64.Build.0 = Release|Any CPU
		{C2EC467E-83A4-4C8E-961C-AD4B63548947}.AppStore|x86.ActiveCfg = Release|Any CPU
		{C2EC467E-83A4-4C8E-961C-AD4B63548947}.AppStore|x86.Build.0 = Release|Any CPU
		{C2EC467E-83A4-4C8E-961C-AD4B63548947}.Debug|Any CPU.ActiveCfg = Debug|Any CPU
		{C2EC467E-83A4-4C8E-961C-AD4B63548947}.Debug|Any CPU.Build.0 = Debug|Any CPU
		{C2EC467E-83A4-4C8E-961C-AD4B63548947}.Debug|ARM.ActiveCfg = Debug|Any CPU
		{C2EC467E-83A4-4C8E-961C-AD4B63548947}.Debug|ARM.Build.0 = Debug|Any CPU
		{C2EC467E-83A4-4C8E-961C-AD4B63548947}.Debug|iPhone.ActiveCfg = Debug|Any CPU
		{C2EC467E-83A4-4C8E-961C-AD4B63548947}.Debug|iPhone.Build.0 = Debug|Any CPU
		{C2EC467E-83A4-4C8E-961C-AD4B63548947}.Debug|iPhoneSimulator.ActiveCfg = Debug|Any CPU
		{C2EC467E-83A4-4C8E-961C-AD4B63548947}.Debug|iPhoneSimulator.Build.0 = Debug|Any CPU
		{C2EC467E-83A4-4C8E-961C-AD4B63548947}.Debug|x64.ActiveCfg = Debug|Any CPU
		{C2EC467E-83A4-4C8E-961C-AD4B63548947}.Debug|x64.Build.0 = Debug|Any CPU
		{C2EC467E-83A4-4C8E-961C-AD4B63548947}.Debug|x86.ActiveCfg = Debug|Any CPU
		{C2EC467E-83A4-4C8E-961C-AD4B63548947}.Debug|x86.Build.0 = Debug|Any CPU
		{C2EC467E-83A4-4C8E-961C-AD4B63548947}.Release|Any CPU.ActiveCfg = Release|Any CPU
		{C2EC467E-83A4-4C8E-961C-AD4B63548947}.Release|Any CPU.Build.0 = Release|Any CPU
		{C2EC467E-83A4-4C8E-961C-AD4B63548947}.Release|ARM.ActiveCfg = Release|Any CPU
		{C2EC467E-83A4-4C8E-961C-AD4B63548947}.Release|ARM.Build.0 = Release|Any CPU
		{C2EC467E-83A4-4C8E-961C-AD4B63548947}.Release|iPhone.ActiveCfg = Release|Any CPU
		{C2EC467E-83A4-4C8E-961C-AD4B63548947}.Release|iPhone.Build.0 = Release|Any CPU
		{C2EC467E-83A4-4C8E-961C-AD4B63548947}.Release|iPhoneSimulator.ActiveCfg = Release|Any CPU
		{C2EC467E-83A4-4C8E-961C-AD4B63548947}.Release|iPhoneSimulator.Build.0 = Release|Any CPU
		{C2EC467E-83A4-4C8E-961C-AD4B63548947}.Release|x64.ActiveCfg = Release|Any CPU
		{C2EC467E-83A4-4C8E-961C-AD4B63548947}.Release|x64.Build.0 = Release|Any CPU
		{C2EC467E-83A4-4C8E-961C-AD4B63548947}.Release|x86.ActiveCfg = Release|Any CPU
		{C2EC467E-83A4-4C8E-961C-AD4B63548947}.Release|x86.Build.0 = Release|Any CPU
		{7939A932-3EA8-4FEF-AD17-7DC2BD366142}.Ad-Hoc|Any CPU.ActiveCfg = Release|x86
		{7939A932-3EA8-4FEF-AD17-7DC2BD366142}.Ad-Hoc|Any CPU.Build.0 = Release|x86
		{7939A932-3EA8-4FEF-AD17-7DC2BD366142}.Ad-Hoc|Any CPU.Deploy.0 = Release|x86
		{7939A932-3EA8-4FEF-AD17-7DC2BD366142}.Ad-Hoc|ARM.ActiveCfg = Release|ARM
		{7939A932-3EA8-4FEF-AD17-7DC2BD366142}.Ad-Hoc|ARM.Build.0 = Release|ARM
		{7939A932-3EA8-4FEF-AD17-7DC2BD366142}.Ad-Hoc|ARM.Deploy.0 = Release|ARM
		{7939A932-3EA8-4FEF-AD17-7DC2BD366142}.Ad-Hoc|iPhone.ActiveCfg = Release|x86
		{7939A932-3EA8-4FEF-AD17-7DC2BD366142}.Ad-Hoc|iPhone.Build.0 = Release|x86
		{7939A932-3EA8-4FEF-AD17-7DC2BD366142}.Ad-Hoc|iPhone.Deploy.0 = Release|x86
		{7939A932-3EA8-4FEF-AD17-7DC2BD366142}.Ad-Hoc|iPhoneSimulator.ActiveCfg = Release|x86
		{7939A932-3EA8-4FEF-AD17-7DC2BD366142}.Ad-Hoc|iPhoneSimulator.Build.0 = Release|x86
		{7939A932-3EA8-4FEF-AD17-7DC2BD366142}.Ad-Hoc|iPhoneSimulator.Deploy.0 = Release|x86
		{7939A932-3EA8-4FEF-AD17-7DC2BD366142}.Ad-Hoc|x64.ActiveCfg = Release|x64
		{7939A932-3EA8-4FEF-AD17-7DC2BD366142}.Ad-Hoc|x64.Build.0 = Release|x64
		{7939A932-3EA8-4FEF-AD17-7DC2BD366142}.Ad-Hoc|x64.Deploy.0 = Release|x64
		{7939A932-3EA8-4FEF-AD17-7DC2BD366142}.Ad-Hoc|x86.ActiveCfg = Release|x86
		{7939A932-3EA8-4FEF-AD17-7DC2BD366142}.Ad-Hoc|x86.Build.0 = Release|x86
		{7939A932-3EA8-4FEF-AD17-7DC2BD366142}.Ad-Hoc|x86.Deploy.0 = Release|x86
		{7939A932-3EA8-4FEF-AD17-7DC2BD366142}.AppStore|Any CPU.ActiveCfg = Release|x86
		{7939A932-3EA8-4FEF-AD17-7DC2BD366142}.AppStore|Any CPU.Build.0 = Release|x86
		{7939A932-3EA8-4FEF-AD17-7DC2BD366142}.AppStore|Any CPU.Deploy.0 = Release|x86
		{7939A932-3EA8-4FEF-AD17-7DC2BD366142}.AppStore|ARM.ActiveCfg = Release|ARM
		{7939A932-3EA8-4FEF-AD17-7DC2BD366142}.AppStore|ARM.Build.0 = Release|ARM
		{7939A932-3EA8-4FEF-AD17-7DC2BD366142}.AppStore|ARM.Deploy.0 = Release|ARM
		{7939A932-3EA8-4FEF-AD17-7DC2BD366142}.AppStore|iPhone.ActiveCfg = Release|x86
		{7939A932-3EA8-4FEF-AD17-7DC2BD366142}.AppStore|iPhone.Build.0 = Release|x86
		{7939A932-3EA8-4FEF-AD17-7DC2BD366142}.AppStore|iPhone.Deploy.0 = Release|x86
		{7939A932-3EA8-4FEF-AD17-7DC2BD366142}.AppStore|iPhoneSimulator.ActiveCfg = Release|x86
		{7939A932-3EA8-4FEF-AD17-7DC2BD366142}.AppStore|iPhoneSimulator.Build.0 = Release|x86
		{7939A932-3EA8-4FEF-AD17-7DC2BD366142}.AppStore|iPhoneSimulator.Deploy.0 = Release|x86
		{7939A932-3EA8-4FEF-AD17-7DC2BD366142}.AppStore|x64.ActiveCfg = Release|x64
		{7939A932-3EA8-4FEF-AD17-7DC2BD366142}.AppStore|x64.Build.0 = Release|x64
		{7939A932-3EA8-4FEF-AD17-7DC2BD366142}.AppStore|x64.Deploy.0 = Release|x64
		{7939A932-3EA8-4FEF-AD17-7DC2BD366142}.AppStore|x86.ActiveCfg = Release|x86
		{7939A932-3EA8-4FEF-AD17-7DC2BD366142}.AppStore|x86.Build.0 = Release|x86
		{7939A932-3EA8-4FEF-AD17-7DC2BD366142}.AppStore|x86.Deploy.0 = Release|x86
		{7939A932-3EA8-4FEF-AD17-7DC2BD366142}.Debug|Any CPU.ActiveCfg = Debug|x86
		{7939A932-3EA8-4FEF-AD17-7DC2BD366142}.Debug|ARM.ActiveCfg = Debug|ARM
		{7939A932-3EA8-4FEF-AD17-7DC2BD366142}.Debug|ARM.Build.0 = Debug|ARM
		{7939A932-3EA8-4FEF-AD17-7DC2BD366142}.Debug|ARM.Deploy.0 = Debug|ARM
		{7939A932-3EA8-4FEF-AD17-7DC2BD366142}.Debug|iPhone.ActiveCfg = Debug|x86
		{7939A932-3EA8-4FEF-AD17-7DC2BD366142}.Debug|iPhoneSimulator.ActiveCfg = Debug|x86
		{7939A932-3EA8-4FEF-AD17-7DC2BD366142}.Debug|x64.ActiveCfg = Debug|x64
		{7939A932-3EA8-4FEF-AD17-7DC2BD366142}.Debug|x64.Build.0 = Debug|x64
		{7939A932-3EA8-4FEF-AD17-7DC2BD366142}.Debug|x64.Deploy.0 = Debug|x64
		{7939A932-3EA8-4FEF-AD17-7DC2BD366142}.Debug|x86.ActiveCfg = Debug|x86
		{7939A932-3EA8-4FEF-AD17-7DC2BD366142}.Debug|x86.Build.0 = Debug|x86
		{7939A932-3EA8-4FEF-AD17-7DC2BD366142}.Debug|x86.Deploy.0 = Debug|x86
		{7939A932-3EA8-4FEF-AD17-7DC2BD366142}.Release|Any CPU.ActiveCfg = Release|x86
		{7939A932-3EA8-4FEF-AD17-7DC2BD366142}.Release|ARM.ActiveCfg = Release|ARM
		{7939A932-3EA8-4FEF-AD17-7DC2BD366142}.Release|ARM.Build.0 = Release|ARM
		{7939A932-3EA8-4FEF-AD17-7DC2BD366142}.Release|ARM.Deploy.0 = Release|ARM
		{7939A932-3EA8-4FEF-AD17-7DC2BD366142}.Release|iPhone.ActiveCfg = Release|x86
		{7939A932-3EA8-4FEF-AD17-7DC2BD366142}.Release|iPhoneSimulator.ActiveCfg = Release|x86
		{7939A932-3EA8-4FEF-AD17-7DC2BD366142}.Release|x64.ActiveCfg = Release|x64
		{7939A932-3EA8-4FEF-AD17-7DC2BD366142}.Release|x64.Build.0 = Release|x64
		{7939A932-3EA8-4FEF-AD17-7DC2BD366142}.Release|x64.Deploy.0 = Release|x64
		{7939A932-3EA8-4FEF-AD17-7DC2BD366142}.Release|x86.ActiveCfg = Release|x86
		{7939A932-3EA8-4FEF-AD17-7DC2BD366142}.Release|x86.Build.0 = Release|x86
		{7939A932-3EA8-4FEF-AD17-7DC2BD366142}.Release|x86.Deploy.0 = Release|x86
		{236CCE46-A6F7-4716-A533-EC0B0AB5B8D9}.Ad-Hoc|Any CPU.ActiveCfg = Ad-Hoc|iPhone
		{236CCE46-A6F7-4716-A533-EC0B0AB5B8D9}.Ad-Hoc|ARM.ActiveCfg = Ad-Hoc|iPhone
		{236CCE46-A6F7-4716-A533-EC0B0AB5B8D9}.Ad-Hoc|iPhone.ActiveCfg = Ad-Hoc|iPhone
		{236CCE46-A6F7-4716-A533-EC0B0AB5B8D9}.Ad-Hoc|iPhone.Build.0 = Ad-Hoc|iPhone
		{236CCE46-A6F7-4716-A533-EC0B0AB5B8D9}.Ad-Hoc|iPhoneSimulator.ActiveCfg = Ad-Hoc|iPhoneSimulator
		{236CCE46-A6F7-4716-A533-EC0B0AB5B8D9}.Ad-Hoc|iPhoneSimulator.Build.0 = Ad-Hoc|iPhoneSimulator
		{236CCE46-A6F7-4716-A533-EC0B0AB5B8D9}.Ad-Hoc|x64.ActiveCfg = Ad-Hoc|iPhone
		{236CCE46-A6F7-4716-A533-EC0B0AB5B8D9}.Ad-Hoc|x86.ActiveCfg = Ad-Hoc|iPhone
		{236CCE46-A6F7-4716-A533-EC0B0AB5B8D9}.AppStore|Any CPU.ActiveCfg = AppStore|iPhone
		{236CCE46-A6F7-4716-A533-EC0B0AB5B8D9}.AppStore|ARM.ActiveCfg = AppStore|iPhone
		{236CCE46-A6F7-4716-A533-EC0B0AB5B8D9}.AppStore|iPhone.ActiveCfg = AppStore|iPhone
		{236CCE46-A6F7-4716-A533-EC0B0AB5B8D9}.AppStore|iPhone.Build.0 = AppStore|iPhone
		{236CCE46-A6F7-4716-A533-EC0B0AB5B8D9}.AppStore|iPhoneSimulator.ActiveCfg = AppStore|iPhoneSimulator
		{236CCE46-A6F7-4716-A533-EC0B0AB5B8D9}.AppStore|iPhoneSimulator.Build.0 = AppStore|iPhoneSimulator
		{236CCE46-A6F7-4716-A533-EC0B0AB5B8D9}.AppStore|x64.ActiveCfg = AppStore|iPhone
		{236CCE46-A6F7-4716-A533-EC0B0AB5B8D9}.AppStore|x86.ActiveCfg = AppStore|iPhone
		{236CCE46-A6F7-4716-A533-EC0B0AB5B8D9}.Debug|Any CPU.ActiveCfg = Debug|iPhone
		{236CCE46-A6F7-4716-A533-EC0B0AB5B8D9}.Debug|ARM.ActiveCfg = Debug|iPhone
		{236CCE46-A6F7-4716-A533-EC0B0AB5B8D9}.Debug|iPhone.ActiveCfg = Debug|iPhone
		{236CCE46-A6F7-4716-A533-EC0B0AB5B8D9}.Debug|iPhone.Build.0 = Debug|iPhone
		{236CCE46-A6F7-4716-A533-EC0B0AB5B8D9}.Debug|iPhoneSimulator.ActiveCfg = Debug|iPhoneSimulator
		{236CCE46-A6F7-4716-A533-EC0B0AB5B8D9}.Debug|iPhoneSimulator.Build.0 = Debug|iPhoneSimulator
		{236CCE46-A6F7-4716-A533-EC0B0AB5B8D9}.Debug|x64.ActiveCfg = Debug|iPhone
		{236CCE46-A6F7-4716-A533-EC0B0AB5B8D9}.Debug|x86.ActiveCfg = Debug|iPhone
		{236CCE46-A6F7-4716-A533-EC0B0AB5B8D9}.Release|Any CPU.ActiveCfg = Release|iPhone
		{236CCE46-A6F7-4716-A533-EC0B0AB5B8D9}.Release|ARM.ActiveCfg = Release|iPhone
		{236CCE46-A6F7-4716-A533-EC0B0AB5B8D9}.Release|iPhone.ActiveCfg = Release|iPhone
		{236CCE46-A6F7-4716-A533-EC0B0AB5B8D9}.Release|iPhone.Build.0 = Release|iPhone
		{236CCE46-A6F7-4716-A533-EC0B0AB5B8D9}.Release|iPhoneSimulator.ActiveCfg = Release|iPhoneSimulator
		{236CCE46-A6F7-4716-A533-EC0B0AB5B8D9}.Release|iPhoneSimulator.Build.0 = Release|iPhoneSimulator
		{236CCE46-A6F7-4716-A533-EC0B0AB5B8D9}.Release|x64.ActiveCfg = Release|iPhone
		{236CCE46-A6F7-4716-A533-EC0B0AB5B8D9}.Release|x86.ActiveCfg = Release|iPhone
	EndGlobalSection
	GlobalSection(SolutionProperties) = preSolution
		HideSolutionNode = FALSE
	EndGlobalSection
	GlobalSection(ExtensibilityGlobals) = postSolution
		SolutionGuid = {4B69E362-E99C-45A0-AC52-99F9B78EDE81}
	EndGlobalSection
EndGlobal
